
Microsoft Visual Studio Solution File, Format Version 12.00
# Visual Studio Version 17
VisualStudioVersion = 17.5.33530.505
MinimumVisualStudioVersion = 10.0.40219.1
Project("{FAE04EC0-301F-11D3-BF4B-00C04F79EFBC}") = "Picasyfijas", "Picasyfijas.csproj", "{A2AA5355-30B1-469D-BA34-6865795261DF}"
EndProject
Global
	GlobalSection(SolutionConfigurationPlatforms) = preSolution
		Debug|Any CPU = Debug|Any CPU
		Release|Any CPU = Release|Any CPU
	EndGlobalSection
	GlobalSection(ProjectConfigurationPlatforms) = postSolution
		{A2AA5355-30B1-469D-BA34-6865795261DF}.Debug|Any CPU.ActiveCfg = Debug|Any CPU
		{A2AA5355-30B1-469D-BA34-6865795261DF}.Debug|Any CPU.Build.0 = Debug|Any CPU
		{A2AA5355-30B1-469D-BA34-6865795261DF}.Release|Any CPU.ActiveCfg = Release|Any CPU
		{A2AA5355-30B1-469D-BA34-6865795261DF}.Release|Any CPU.Build.0 = Release|Any CPU
	EndGlobalSection
	GlobalSection(SolutionProperties) = preSolution
		HideSolutionNode = FALSE
	EndGlobalSection
	GlobalSection(ExtensibilityGlobals) = postSolution
		SolutionGuid = {75BA6804-B85D-419C-A0BF-96F9482331FD}
	EndGlobalSection
EndGlobal
